
Microsoft Visual Studio Solution File, Format Version 12.00
# Visual Studio Version 17
VisualStudioVersion = 17.10.34928.147
MinimumVisualStudioVersion = 10.0.40219.1
Project("{FAE04EC0-301F-11D3-BF4B-00C04F79EFBC}") = "PET", "PET\PET.csproj", "{0008685D-94EB-479A-B2F2-E996AD2B6F51}"
EndProject
Project("{FAE04EC0-301F-11D3-BF4B-00C04F79EFBC}") = "Bos", "Bos\Bos.csproj", "{50AD9468-37D7-41B0-8944-67DF6B45E95F}"
EndProject
Project("{FAE04EC0-301F-11D3-BF4B-00C04F79EFBC}") = "Repository", "Repository\Repository.csproj", "{6CEF5A61-7C67-40DD-83FB-F62D1321329A}"
EndProject
Global
	GlobalSection(SolutionConfigurationPlatforms) = preSolution
		Debug|Any CPU = Debug|Any CPU
		Release|Any CPU = Release|Any CPU
	EndGlobalSection
	GlobalSection(ProjectConfigurationPlatforms) = postSolution
		{0008685D-94EB-479A-B2F2-E996AD2B6F51}.Debug|Any CPU.ActiveCfg = Debug|Any CPU
		{0008685D-94EB-479A-B2F2-E996AD2B6F51}.Debug|Any CPU.Build.0 = Debug|Any CPU
		{0008685D-94EB-479A-B2F2-E996AD2B6F51}.Release|Any CPU.ActiveCfg = Release|Any CPU
		{0008685D-94EB-479A-B2F2-E996AD2B6F51}.Release|Any CPU.Build.0 = Release|Any CPU
		{50AD9468-37D7-41B0-8944-67DF6B45E95F}.Debug|Any CPU.ActiveCfg = Debug|Any CPU
		{50AD9468-37D7-41B0-8944-67DF6B45E95F}.Debug|Any CPU.Build.0 = Debug|Any CPU
		{50AD9468-37D7-41B0-8944-67DF6B45E95F}.Release|Any CPU.ActiveCfg = Release|Any CPU
		{50AD9468-37D7-41B0-8944-67DF6B45E95F}.Release|Any CPU.Build.0 = Release|Any CPU
		{6CEF5A61-7C67-40DD-83FB-F62D1321329A}.Debug|Any CPU.ActiveCfg = Debug|Any CPU
		{6CEF5A61-7C67-40DD-83FB-F62D1321329A}.Debug|Any CPU.Build.0 = Debug|Any CPU
		{6CEF5A61-7C67-40DD-83FB-F62D1321329A}.Release|Any CPU.ActiveCfg = Release|Any CPU
		{6CEF5A61-7C67-40DD-83FB-F62D1321329A}.Release|Any CPU.Build.0 = Release|Any CPU
	EndGlobalSection
	GlobalSection(SolutionProperties) = preSolution
		HideSolutionNode = FALSE
	EndGlobalSection
	GlobalSection(ExtensibilityGlobals) = postSolution
		SolutionGuid = {E3A5A0AA-AD1A-49CC-8FBE-B15AD297C6EB}
	EndGlobalSection
EndGlobal
